
Microsoft Visual Studio Solution File, Format Version 12.00
# Visual Studio Version 16
VisualStudioVersion = 16.0.29519.87
MinimumVisualStudioVersion = 10.0.40219.1
Project("{FAE04EC0-301F-11D3-BF4B-00C04F79EFBC}") = "Asteroid_Project_ManagerAPP", "Asteroid_Project_ManagerAPP\Asteroid_Project_ManagerAPP.csproj", "{1BD99FE8-6C15-478C-953B-A8899A007583}"
EndProject
Global
	GlobalSection(SolutionConfigurationPlatforms) = preSolution
		Debug|Any CPU = Debug|Any CPU
		Release|Any CPU = Release|Any CPU
	EndGlobalSection
	GlobalSection(ProjectConfigurationPlatforms) = postSolution
		{1BD99FE8-6C15-478C-953B-A8899A007583}.Debug|Any CPU.ActiveCfg = Debug|Any CPU
		{1BD99FE8-6C15-478C-953B-A8899A007583}.Debug|Any CPU.Build.0 = Debug|Any CPU
		{1BD99FE8-6C15-478C-953B-A8899A007583}.Release|Any CPU.ActiveCfg = Release|Any CPU
		{1BD99FE8-6C15-478C-953B-A8899A007583}.Release|Any CPU.Build.0 = Release|Any CPU
	EndGlobalSection
	GlobalSection(SolutionProperties) = preSolution
		HideSolutionNode = FALSE
	EndGlobalSection
	GlobalSection(ExtensibilityGlobals) = postSolution
		SolutionGuid = {36E3B6D1-8B08-480A-9C1A-CBA30B995CA0}
	EndGlobalSection
EndGlobal
